
Microsoft Visual Studio Solution File, Format Version 12.00
# Visual Studio Version 17
VisualStudioVersion = 17.6.33829.357
MinimumVisualStudioVersion = 10.0.40219.1
Project("{9A19103F-16F7-4668-BE54-9A1E7A4F7556}") = "Watchtower", "Watchtower.csproj", "{07D79152-70FE-4DE3-B719-9CE754C91A8F}"
EndProject
Global
	GlobalSection(SolutionConfigurationPlatforms) = preSolution
		Debug|Any CPU = Debug|Any CPU
		Release|Any CPU = Release|Any CPU
	EndGlobalSection
	GlobalSection(ProjectConfigurationPlatforms) = postSolution
		{07D79152-70FE-4DE3-B719-9CE754C91A8F}.Debug|Any CPU.ActiveCfg = Debug|Any CPU
		{07D79152-70FE-4DE3-B719-9CE754C91A8F}.Debug|Any CPU.Build.0 = Debug|Any CPU
		{07D79152-70FE-4DE3-B719-9CE754C91A8F}.Release|Any CPU.ActiveCfg = Release|Any CPU
		{07D79152-70FE-4DE3-B719-9CE754C91A8F}.Release|Any CPU.Build.0 = Release|Any CPU
	EndGlobalSection
	GlobalSection(SolutionProperties) = preSolution
		HideSolutionNode = FALSE
	EndGlobalSection
	GlobalSection(ExtensibilityGlobals) = postSolution
		SolutionGuid = {583E32F0-183D-45F1-9F56-BC88C65A5793}
	EndGlobalSection
EndGlobal
