
Microsoft Visual Studio Solution File, Format Version 12.00
# Visual Studio Version 17
VisualStudioVersion = 17.6.33829.357
MinimumVisualStudioVersion = 10.0.40219.1
Project("{FAE04EC0-301F-11D3-BF4B-00C04F79EFBC}") = "TheVariableShopReturns", "TheVariableShopReturns.csproj", "{0ADCFC5D-FDFE-492D-9BD2-5B359992D408}"
EndProject
Global
	GlobalSection(SolutionConfigurationPlatforms) = preSolution
		Debug|Any CPU = Debug|Any CPU
		Release|Any CPU = Release|Any CPU
	EndGlobalSection
	GlobalSection(ProjectConfigurationPlatforms) = postSolution
		{0ADCFC5D-FDFE-492D-9BD2-5B359992D408}.Debug|Any CPU.ActiveCfg = Debug|Any CPU
		{0ADCFC5D-FDFE-492D-9BD2-5B359992D408}.Debug|Any CPU.Build.0 = Debug|Any CPU
		{0ADCFC5D-FDFE-492D-9BD2-5B359992D408}.Release|Any CPU.ActiveCfg = Release|Any CPU
		{0ADCFC5D-FDFE-492D-9BD2-5B359992D408}.Release|Any CPU.Build.0 = Release|Any CPU
	EndGlobalSection
	GlobalSection(SolutionProperties) = preSolution
		HideSolutionNode = FALSE
	EndGlobalSection
	GlobalSection(ExtensibilityGlobals) = postSolution
		SolutionGuid = {209DC2C5-DF03-4C8D-AEF5-4574D03E79CF}
	EndGlobalSection
EndGlobal
