
Microsoft Visual Studio Solution File, Format Version 12.00
# Visual Studio Version 17
VisualStudioVersion = 17.6.33829.357
MinimumVisualStudioVersion = 10.0.40219.1
Project("{FAE04EC0-301F-11D3-BF4B-00C04F79EFBC}") = "TheTriangleFarmer", "TheTriangleFarmer.csproj", "{FD73A2CC-6A2D-43EA-A3EA-0AFE090D880C}"
EndProject
Global
	GlobalSection(SolutionConfigurationPlatforms) = preSolution
		Debug|Any CPU = Debug|Any CPU
		Release|Any CPU = Release|Any CPU
	EndGlobalSection
	GlobalSection(ProjectConfigurationPlatforms) = postSolution
		{FD73A2CC-6A2D-43EA-A3EA-0AFE090D880C}.Debug|Any CPU.ActiveCfg = Debug|Any CPU
		{FD73A2CC-6A2D-43EA-A3EA-0AFE090D880C}.Debug|Any CPU.Build.0 = Debug|Any CPU
		{FD73A2CC-6A2D-43EA-A3EA-0AFE090D880C}.Release|Any CPU.ActiveCfg = Release|Any CPU
		{FD73A2CC-6A2D-43EA-A3EA-0AFE090D880C}.Release|Any CPU.Build.0 = Release|Any CPU
	EndGlobalSection
	GlobalSection(SolutionProperties) = preSolution
		HideSolutionNode = FALSE
	EndGlobalSection
	GlobalSection(ExtensibilityGlobals) = postSolution
		SolutionGuid = {FEA16DD3-9814-48FF-91F2-26BDCFF2E3AC}
	EndGlobalSection
EndGlobal
