
Microsoft Visual Studio Solution File, Format Version 12.00
# Visual Studio Version 17
VisualStudioVersion = 17.6.33815.320
MinimumVisualStudioVersion = 10.0.40219.1
Project("{FAE04EC0-301F-11D3-BF4B-00C04F79EFBC}") = "TheThingNamer3000", "TheThingNamer3000.csproj", "{55A8050B-17F6-4357-B7ED-459B7A222D61}"
EndProject
Global
	GlobalSection(SolutionConfigurationPlatforms) = preSolution
		Debug|Any CPU = Debug|Any CPU
		Release|Any CPU = Release|Any CPU
	EndGlobalSection
	GlobalSection(ProjectConfigurationPlatforms) = postSolution
		{55A8050B-17F6-4357-B7ED-459B7A222D61}.Debug|Any CPU.ActiveCfg = Debug|Any CPU
		{55A8050B-17F6-4357-B7ED-459B7A222D61}.Debug|Any CPU.Build.0 = Debug|Any CPU
		{55A8050B-17F6-4357-B7ED-459B7A222D61}.Release|Any CPU.ActiveCfg = Release|Any CPU
		{55A8050B-17F6-4357-B7ED-459B7A222D61}.Release|Any CPU.Build.0 = Release|Any CPU
	EndGlobalSection
	GlobalSection(SolutionProperties) = preSolution
		HideSolutionNode = FALSE
	EndGlobalSection
	GlobalSection(ExtensibilityGlobals) = postSolution
		SolutionGuid = {B8689855-DBD5-4A6C-A15F-CE1258BF9E50}
	EndGlobalSection
EndGlobal
