
Microsoft Visual Studio Solution File, Format Version 12.00
# Visual Studio Version 17
VisualStudioVersion = 17.6.33829.357
MinimumVisualStudioVersion = 10.0.40219.1
Project("{FAE04EC0-301F-11D3-BF4B-00C04F79EFBC}") = "TheDefenseOfConsolas", "TheDefenseOfConsolas.csproj", "{87FD42B5-5B9D-4929-AD42-9866E2C31C6C}"
EndProject
Global
	GlobalSection(SolutionConfigurationPlatforms) = preSolution
		Debug|Any CPU = Debug|Any CPU
		Release|Any CPU = Release|Any CPU
	EndGlobalSection
	GlobalSection(ProjectConfigurationPlatforms) = postSolution
		{87FD42B5-5B9D-4929-AD42-9866E2C31C6C}.Debug|Any CPU.ActiveCfg = Debug|Any CPU
		{87FD42B5-5B9D-4929-AD42-9866E2C31C6C}.Debug|Any CPU.Build.0 = Debug|Any CPU
		{87FD42B5-5B9D-4929-AD42-9866E2C31C6C}.Release|Any CPU.ActiveCfg = Release|Any CPU
		{87FD42B5-5B9D-4929-AD42-9866E2C31C6C}.Release|Any CPU.Build.0 = Release|Any CPU
	EndGlobalSection
	GlobalSection(SolutionProperties) = preSolution
		HideSolutionNode = FALSE
	EndGlobalSection
	GlobalSection(ExtensibilityGlobals) = postSolution
		SolutionGuid = {DAAD4EA5-8C51-492E-962D-08BAEA5C0F3D}
	EndGlobalSection
EndGlobal
