
Microsoft Visual Studio Solution File, Format Version 12.00
# Visual Studio Version 17
VisualStudioVersion = 17.6.33829.357
MinimumVisualStudioVersion = 10.0.40219.1
Project("{FAE04EC0-301F-11D3-BF4B-00C04F79EFBC}") = "ThePrototype", "ThePrototype.csproj", "{5C737F70-D45B-447F-901E-A362207C3BAA}"
EndProject
Global
	GlobalSection(SolutionConfigurationPlatforms) = preSolution
		Debug|Any CPU = Debug|Any CPU
		Release|Any CPU = Release|Any CPU
	EndGlobalSection
	GlobalSection(ProjectConfigurationPlatforms) = postSolution
		{5C737F70-D45B-447F-901E-A362207C3BAA}.Debug|Any CPU.ActiveCfg = Debug|Any CPU
		{5C737F70-D45B-447F-901E-A362207C3BAA}.Debug|Any CPU.Build.0 = Debug|Any CPU
		{5C737F70-D45B-447F-901E-A362207C3BAA}.Release|Any CPU.ActiveCfg = Release|Any CPU
		{5C737F70-D45B-447F-901E-A362207C3BAA}.Release|Any CPU.Build.0 = Release|Any CPU
	EndGlobalSection
	GlobalSection(SolutionProperties) = preSolution
		HideSolutionNode = FALSE
	EndGlobalSection
	GlobalSection(ExtensibilityGlobals) = postSolution
		SolutionGuid = {1803F690-A21A-417E-AE63-68D4C7B85C23}
	EndGlobalSection
EndGlobal
